PODS:
  - GoogleMaps (3.1.0):
    - GoogleMaps/Maps (= 3.1.0)
  - GoogleMaps/Base (3.1.0)
  - GoogleMaps/Maps (3.1.0):
    - GoogleMaps/Base
  - GooglePlaces (3.1.0):
    - GoogleMaps/Base (= 3.1.0)
  - Pulley (2.8.0)

DEPENDENCIES:
  - GoogleMaps
  - GooglePlaces
  - Pulley

SPEC REPOS:
  https://github.com/CocoaPods/Specs.git:
    - GoogleMaps
    - GooglePlaces
  trunk:
    - Pulley

SPEC CHECKSUMS:
  GoogleMaps: 5c13302e6fe6bb6e686b267196586b91cd594225
  GooglePlaces: e874db179f2675c4f3eeda0b686b540273a578b0
  Pulley: 81301031e9b08c7b240fa47e8b5d76e00bb05530

PODFILE CHECKSUM: f7116a822a70a11cb9f530d7fc129a31194b04ab

COCOAPODS: 1.8.3
